
Microsoft Visual Studio Solution File, Format Version 12.00
# Visual Studio Version 16
VisualStudioVersion = 16.0.29020.237
MinimumVisualStudioVersion = 10.0.40219.1
Project("{FAE04EC0-301F-11D3-BF4B-00C04F79EFBC}") = "ExcelDosyaOkuma", "ExcelDosyaOkuma\ExcelDosyaOkuma.csproj", "{A7BB271E-722A-4769-9C24-0D86AE590758}"
EndProject
Global
	GlobalSection(SolutionConfigurationPlatforms) = preSolution
		Debug|Any CPU = Debug|Any CPU
		Release|Any CPU = Release|Any CPU
	EndGlobalSection
	GlobalSection(ProjectConfigurationPlatforms) = postSolution
		{A7BB271E-722A-4769-9C24-0D86AE590758}.Debug|Any CPU.ActiveCfg = Debug|Any CPU
		{A7BB271E-722A-4769-9C24-0D86AE590758}.Debug|Any CPU.Build.0 = Debug|Any CPU
		{A7BB271E-722A-4769-9C24-0D86AE590758}.Release|Any CPU.ActiveCfg = Release|Any CPU
		{A7BB271E-722A-4769-9C24-0D86AE590758}.Release|Any CPU.Build.0 = Release|Any CPU
	EndGlobalSection
	GlobalSection(SolutionProperties) = preSolution
		HideSolutionNode = FALSE
	EndGlobalSection
	GlobalSection(ExtensibilityGlobals) = postSolution
		SolutionGuid = {6CA8265A-7AF5-410E-AE26-37FA733B6E12}
	EndGlobalSection
EndGlobal
